
Microsoft Visual Studio Solution File, Format Version 12.00
# Visual Studio Version 16
VisualStudioVersion = 16.0.29709.97
MinimumVisualStudioVersion = 10.0.40219.1
Project("{9A19103F-16F7-4668-BE54-9A1E7A4F7556}") = "LearnDockerCompose", "LearnDockerCompose\LearnDockerCompose.csproj", "{8282335B-D5EA-4177-8BD2-A52248D95BEC}"
EndProject
Project("{FAE04EC0-301F-11D3-BF4B-00C04F79EFBC}") = "LearnDockerComposeTest", "LearnDockerComposeTest\LearnDockerComposeTest.csproj", "{04347736-D0AF-44E8-93F4-48DB9B7A7DBE}"
EndProject
Global
	GlobalSection(SolutionConfigurationPlatforms) = preSolution
		Debug|Any CPU = Debug|Any CPU
		Release|Any CPU = Release|Any CPU
	EndGlobalSection
	GlobalSection(ProjectConfigurationPlatforms) = postSolution
		{8282335B-D5EA-4177-8BD2-A52248D95BEC}.Debug|Any CPU.ActiveCfg = Debug|Any CPU
		{8282335B-D5EA-4177-8BD2-A52248D95BEC}.Debug|Any CPU.Build.0 = Debug|Any CPU
		{8282335B-D5EA-4177-8BD2-A52248D95BEC}.Release|Any CPU.ActiveCfg = Release|Any CPU
		{8282335B-D5EA-4177-8BD2-A52248D95BEC}.Release|Any CPU.Build.0 = Release|Any CPU
		{04347736-D0AF-44E8-93F4-48DB9B7A7DBE}.Debug|Any CPU.ActiveCfg = Debug|Any CPU
		{04347736-D0AF-44E8-93F4-48DB9B7A7DBE}.Debug|Any CPU.Build.0 = Debug|Any CPU
		{04347736-D0AF-44E8-93F4-48DB9B7A7DBE}.Release|Any CPU.ActiveCfg = Release|Any CPU
		{04347736-D0AF-44E8-93F4-48DB9B7A7DBE}.Release|Any CPU.Build.0 = Release|Any CPU
	EndGlobalSection
	GlobalSection(SolutionProperties) = preSolution
		HideSolutionNode = FALSE
	EndGlobalSection
	GlobalSection(ExtensibilityGlobals) = postSolution
		SolutionGuid = {29B0431F-22EE-4CED-A41A-EB8E6604EA52}
	EndGlobalSection
EndGlobal
